
Microsoft Visual Studio Solution File, Format Version 12.00
# Visual Studio Version 16
VisualStudioVersion = 16.0.30413.136
MinimumVisualStudioVersion = 10.0.40219.1
Project("{9A19103F-16F7-4668-BE54-9A1E7A4F7556}") = "Portal", "Portal\Portal.csproj", "{5A85287F-A89D-4AE8-B463-2A232D963BDD}"
EndProject
Project("{2150E333-8FDC-42A3-9474-1A3956D46DE8}") = "Front", "Front", "{10E6D92F-105C-40AE-A6F7-7C5387229E80}"
EndProject
Project("{2150E333-8FDC-42A3-9474-1A3956D46DE8}") = "Service", "Service", "{19BE1EF9-1E86-430E-AC2A-B2771BA89771}"
EndProject
Project("{2150E333-8FDC-42A3-9474-1A3956D46DE8}") = "Business", "Business", "{4DAE8E6D-80F5-47F4-9537-CC4551312B47}"
EndProject
Project("{2150E333-8FDC-42A3-9474-1A3956D46DE8}") = "DataAccess", "DataAccess", "{D7C2E651-717F-46EF-8771-32F98B3B0EDB}"
EndProject
Project("{2150E333-8FDC-42A3-9474-1A3956D46DE8}") = "Entities", "Entities", "{90F485A9-F728-4B9A-82E2-09088FB95345}"
EndProject
Project("{2150E333-8FDC-42A3-9474-1A3956D46DE8}") = "Jwt", "Jwt", "{E4C27232-6573-40A0-A662-EA8BD3A93F85}"
EndProject
Project("{FAE04EC0-301F-11D3-BF4B-00C04F79EFBC}") = "Entity", "Entity\Entity.csproj", "{C7467DB8-18E7-42F0-AAD1-20A06BF778D2}"
EndProject
Project("{FAE04EC0-301F-11D3-BF4B-00C04F79EFBC}") = "Data", "Data\Data.csproj", "{4D43D73B-4B6B-402E-804A-4E6F83D819C4}"
EndProject
Project("{FAE04EC0-301F-11D3-BF4B-00C04F79EFBC}") = "Logic", "Logic\Logic.csproj", "{AA24B4F6-4654-42DA-97A3-49949C6002E8}"
EndProject
Project("{FAE04EC0-301F-11D3-BF4B-00C04F79EFBC}") = "JwtModule", "JwtModule\JwtModule.csproj", "{3D924388-789C-45CE-A638-DB8DC401A19F}"
EndProject
Project("{FAE04EC0-301F-11D3-BF4B-00C04F79EFBC}") = "WebApi", "WebApi\WebApi.csproj", "{47A994DB-F37A-49E2-8141-5F0133255F7D}"
EndProject
Global
	GlobalSection(SolutionConfigurationPlatforms) = preSolution
		Debug|Any CPU = Debug|Any CPU
		Release|Any CPU = Release|Any CPU
	EndGlobalSection
	GlobalSection(ProjectConfigurationPlatforms) = postSolution
		{5A85287F-A89D-4AE8-B463-2A232D963BDD}.Debug|Any CPU.ActiveCfg = Debug|Any CPU
		{5A85287F-A89D-4AE8-B463-2A232D963BDD}.Debug|Any CPU.Build.0 = Debug|Any CPU
		{5A85287F-A89D-4AE8-B463-2A232D963BDD}.Release|Any CPU.ActiveCfg = Release|Any CPU
		{5A85287F-A89D-4AE8-B463-2A232D963BDD}.Release|Any CPU.Build.0 = Release|Any CPU
		{C7467DB8-18E7-42F0-AAD1-20A06BF778D2}.Debug|Any CPU.ActiveCfg = Debug|Any CPU
		{C7467DB8-18E7-42F0-AAD1-20A06BF778D2}.Debug|Any CPU.Build.0 = Debug|Any CPU
		{C7467DB8-18E7-42F0-AAD1-20A06BF778D2}.Release|Any CPU.ActiveCfg = Release|Any CPU
		{C7467DB8-18E7-42F0-AAD1-20A06BF778D2}.Release|Any CPU.Build.0 = Release|Any CPU
		{4D43D73B-4B6B-402E-804A-4E6F83D819C4}.Debug|Any CPU.ActiveCfg = Debug|Any CPU
		{4D43D73B-4B6B-402E-804A-4E6F83D819C4}.Debug|Any CPU.Build.0 = Debug|Any CPU
		{4D43D73B-4B6B-402E-804A-4E6F83D819C4}.Release|Any CPU.ActiveCfg = Release|Any CPU
		{4D43D73B-4B6B-402E-804A-4E6F83D819C4}.Release|Any CPU.Build.0 = Release|Any CPU
		{AA24B4F6-4654-42DA-97A3-49949C6002E8}.Debug|Any CPU.ActiveCfg = Debug|Any CPU
		{AA24B4F6-4654-42DA-97A3-49949C6002E8}.Debug|Any CPU.Build.0 = Debug|Any CPU
		{AA24B4F6-4654-42DA-97A3-49949C6002E8}.Release|Any CPU.ActiveCfg = Release|Any CPU
		{AA24B4F6-4654-42DA-97A3-49949C6002E8}.Release|Any CPU.Build.0 = Release|Any CPU
		{3D924388-789C-45CE-A638-DB8DC401A19F}.Debug|Any CPU.ActiveCfg = Debug|Any CPU
		{3D924388-789C-45CE-A638-DB8DC401A19F}.Debug|Any CPU.Build.0 = Debug|Any CPU
		{3D924388-789C-45CE-A638-DB8DC401A19F}.Release|Any CPU.ActiveCfg = Release|Any CPU
		{3D924388-789C-45CE-A638-DB8DC401A19F}.Release|Any CPU.Build.0 = Release|Any CPU
		{47A994DB-F37A-49E2-8141-5F0133255F7D}.Debug|Any CPU.ActiveCfg = Debug|Any CPU
		{47A994DB-F37A-49E2-8141-5F0133255F7D}.Debug|Any CPU.Build.0 = Debug|Any CPU
		{47A994DB-F37A-49E2-8141-5F0133255F7D}.Release|Any CPU.ActiveCfg = Release|Any CPU
		{47A994DB-F37A-49E2-8141-5F0133255F7D}.Release|Any CPU.Build.0 = Release|Any CPU
	EndGlobalSection
	GlobalSection(SolutionProperties) = preSolution
		HideSolutionNode = FALSE
	EndGlobalSection
	GlobalSection(NestedProjects) = preSolution
		{5A85287F-A89D-4AE8-B463-2A232D963BDD} = {10E6D92F-105C-40AE-A6F7-7C5387229E80}
		{C7467DB8-18E7-42F0-AAD1-20A06BF778D2} = {90F485A9-F728-4B9A-82E2-09088FB95345}
		{4D43D73B-4B6B-402E-804A-4E6F83D819C4} = {D7C2E651-717F-46EF-8771-32F98B3B0EDB}
		{AA24B4F6-4654-42DA-97A3-49949C6002E8} = {4DAE8E6D-80F5-47F4-9537-CC4551312B47}
		{3D924388-789C-45CE-A638-DB8DC401A19F} = {E4C27232-6573-40A0-A662-EA8BD3A93F85}
		{47A994DB-F37A-49E2-8141-5F0133255F7D} = {19BE1EF9-1E86-430E-AC2A-B2771BA89771}
	EndGlobalSection
	GlobalSection(ExtensibilityGlobals) = postSolution
		SolutionGuid = {0709B39A-185A-4083-8B5D-6ACF899B0BE2}
	EndGlobalSection
EndGlobal
